
Microsoft Visual Studio Solution File, Format Version 12.00
# Visual Studio Version 17
VisualStudioVersion = 17.7.34221.43
MinimumVisualStudioVersion = 10.0.40219.1
Project("{8BC9CEB8-8B4A-11D0-8D11-00A0C91BC942}") = "Opgave 4", "Opgave 4.vcxproj", "{7E00B38D-C7C3-4D91-A98E-3A6970AC6F4C}"
EndProject
Global
	GlobalSection(SolutionConfigurationPlatforms) = preSolution
		Debug|x64 = Debug|x64
		Debug|x86 = Debug|x86
		Release|x64 = Release|x64
		Release|x86 = Release|x86
	EndGlobalSection
	GlobalSection(ProjectConfigurationPlatforms) = postSolution
		{7E00B38D-C7C3-4D91-A98E-3A6970AC6F4C}.Debug|x64.ActiveCfg = Debug|x64
		{7E00B38D-C7C3-4D91-A98E-3A6970AC6F4C}.Debug|x64.Build.0 = Debug|x64
		{7E00B38D-C7C3-4D91-A98E-3A6970AC6F4C}.Debug|x86.ActiveCfg = Debug|Win32
		{7E00B38D-C7C3-4D91-A98E-3A6970AC6F4C}.Debug|x86.Build.0 = Debug|Win32
		{7E00B38D-C7C3-4D91-A98E-3A6970AC6F4C}.Release|x64.ActiveCfg = Release|x64
		{7E00B38D-C7C3-4D91-A98E-3A6970AC6F4C}.Release|x64.Build.0 = Release|x64
		{7E00B38D-C7C3-4D91-A98E-3A6970AC6F4C}.Release|x86.ActiveCfg = Release|Win32
		{7E00B38D-C7C3-4D91-A98E-3A6970AC6F4C}.Release|x86.Build.0 = Release|Win32
	EndGlobalSection
	GlobalSection(SolutionProperties) = preSolution
		HideSolutionNode = FALSE
	EndGlobalSection
	GlobalSection(ExtensibilityGlobals) = postSolution
		SolutionGuid = {4C7729AB-2679-4598-9BDA-B566E325ECE0}
	EndGlobalSection
EndGlobal
